// !$*UTF8*$!
{
	archiveVersion = 1;
	classes = {
	};
	objectVersion = 55;
	objects = {

/* Begin PBXBuildFile section */
		E52A042828685FFF00AFB040 /* DemoAnimationVC.swift in Sources */ = {isa = PBXBuildFile; fileRef = E52A042728685FFF00AFB040 /* DemoAnimationVC.swift */; };
		E52A042B286ADCD800AFB040 /* XMToast.swift in Sources */ = {isa = PBXBuildFile; fileRef = E52A042A286ADCD800AFB040 /* XMToast.swift */; };
		E52A042E286AE69300AFB040 /* DemoToastVC.swift in Sources */ = {isa = PBXBuildFile; fileRef = E52A042D286AE69300AFB040 /* DemoToastVC.swift */; };
		E5D4CB5928640EC1007C0B3E /* AppDelegate.swift in Sources */ = {isa = PBXBuildFile; fileRef = E5D4CB5828640EC1007C0B3E /* AppDelegate.swift */; };
		E5D4CB5D28640EC1007C0B3E /* ViewController.swift in Sources */ = {isa = PBXBuildFile; fileRef = E5D4CB5C28640EC1007C0B3E /* ViewController.swift */; };
		E5D4CB6228640EC3007C0B3E /* Assets.xcassets in Resources */ = {isa = PBXBuildFile; fileRef = E5D4CB6128640EC3007C0B3E /* Assets.xcassets */; };
		E5D4CB6528640EC3007C0B3E /* LaunchScreen.storyboard in Resources */ = {isa = PBXBuildFile; fileRef = E5D4CB6328640EC3007C0B3E /* LaunchScreen.storyboard */; };
		E5D4CB6F28641208007C0B3E /* String+XMTool.swift in Sources */ = {isa = PBXBuildFile; fileRef = E5D4CB6E28641208007C0B3E /* String+XMTool.swift */; };
		E5D4CB7228641557007C0B3E /* UIView+XMTool.swift in Sources */ = {isa = PBXBuildFile; fileRef = E5D4CB7128641557007C0B3E /* UIView+XMTool.swift */; };
		E5D4CB7428643556007C0B3E /* UIView+XMFrame.swift in Sources */ = {isa = PBXBuildFile; fileRef = E5D4CB7328643556007C0B3E /* UIView+XMFrame.swift */; };
		E5D4CB772864363D007C0B3E /* UIImage+XMTool.swift in Sources */ = {isa = PBXBuildFile; fileRef = E5D4CB762864363D007C0B3E /* UIImage+XMTool.swift */; };
		E5D4CB7928643732007C0B3E /* UIView+XMAnimation.swift in Sources */ = {isa = PBXBuildFile; fileRef = E5D4CB7828643732007C0B3E /* UIView+XMAnimation.swift */; };
		E5D4CB7B28643822007C0B3E /* UIView+XMBlast.swift in Sources */ = {isa = PBXBuildFile; fileRef = E5D4CB7A28643822007C0B3E /* UIView+XMBlast.swift */; };
		E5D4CB7D28643887007C0B3E /* XMSBlastImage.xcassets in Resources */ = {isa = PBXBuildFile; fileRef = E5D4CB7C28643887007C0B3E /* XMSBlastImage.xcassets */; };
		E5D4CB81286438DD007C0B3E /* UITableView+XMTool.swift in Sources */ = {isa = PBXBuildFile; fileRef = E5D4CB80286438DD007C0B3E /* UITableView+XMTool.swift */; };
		E5D4CB83286439F6007C0B3E /* XMSizeMacro.swift in Sources */ = {isa = PBXBuildFile; fileRef = E5D4CB82286439F6007C0B3E /* XMSizeMacro.swift */; };
		E5D4CB8628643F0C007C0B3E /* UIColor+XMTool.swift in Sources */ = {isa = PBXBuildFile; fileRef = E5D4CB8528643F0B007C0B3E /* UIColor+XMTool.swift */; };
		E5D4CB8928643FE7007C0B3E /* UIFont+XMTool.swift in Sources */ = {isa = PBXBuildFile; fileRef = E5D4CB8828643FE7007C0B3E /* UIFont+XMTool.swift */; };
		E5D4CB8C286442E7007C0B3E /* XMPaddingLabel.swift in Sources */ = {isa = PBXBuildFile; fileRef = E5D4CB8B286442E7007C0B3E /* XMPaddingLabel.swift */; };
		E5D4CB8F2864455A007C0B3E /* XMNavigationController.swift in Sources */ = {isa = PBXBuildFile; fileRef = E5D4CB8E2864455A007C0B3E /* XMNavigationController.swift */; };
		E5D4CB922864460A007C0B3E /* UIScrollView+XMTool.swift in Sources */ = {isa = PBXBuildFile; fileRef = E5D4CB912864460A007C0B3E /* UIScrollView+XMTool.swift */; };
		E5D4CB94286446B5007C0B3E /* XMToolMacro.swift in Sources */ = {isa = PBXBuildFile; fileRef = E5D4CB93286446B5007C0B3E /* XMToolMacro.swift */; };
		E5D4CB97286447E7007C0B3E /* CLLocation+XMTool.swift in Sources */ = {isa = PBXBuildFile; fileRef = E5D4CB96286447E7007C0B3E /* CLLocation+XMTool.swift */; };
		E5D4CB9D28644C8E007C0B3E /* DemoLabelVC.swift in Sources */ = {isa = PBXBuildFile; fileRef = E5D4CB9C28644C8E007C0B3E /* DemoLabelVC.swift */; };
		E5D4CBA228645186007C0B3E /* DemoBlastVC.swift in Sources */ = {isa = PBXBuildFile; fileRef = E5D4CBA128645186007C0B3E /* DemoBlastVC.swift */; };
/* End PBXBuildFile section */

/* Begin PBXFileReference section */
		E52A042728685FFF00AFB040 /* DemoAnimationVC.swift */ = {isa = PBXFileReference; lastKnownFileType = sourcecode.swift; path = DemoAnimationVC.swift; sourceTree = "<group>"; };
		E52A042A286ADCD800AFB040 /* XMToast.swift */ = {isa = PBXFileReference; lastKnownFileType = sourcecode.swift; path = XMToast.swift; sourceTree = "<group>"; };
		E52A042D286AE69300AFB040 /* DemoToastVC.swift */ = {isa = PBXFileReference; lastKnownFileType = sourcecode.swift; path = DemoToastVC.swift; sourceTree = "<group>"; };
		E5D4CB5528640EC1007C0B3E /* XMUI_Swift.app */ = {isa = PBXFileReference; explicitFileType = wrapper.application; includeInIndex = 0; path = XMUI_Swift.app; sourceTree = BUILT_PRODUCTS_DIR; };
		E5D4CB5828640EC1007C0B3E /* AppDelegate.swift */ = {isa = PBXFileReference; lastKnownFileType = sourcecode.swift; path = AppDelegate.swift; sourceTree = "<group>"; };
		E5D4CB5C28640EC1007C0B3E /* ViewController.swift */ = {isa = PBXFileReference; lastKnownFileType = sourcecode.swift; path = ViewController.swift; sourceTree = "<group>"; };
		E5D4CB6128640EC3007C0B3E /* Assets.xcassets */ = {isa = PBXFileReference; lastKnownFileType = folder.assetcatalog; path = Assets.xcassets; sourceTree = "<group>"; };
		E5D4CB6428640EC3007C0B3E /* Base */ = {isa = PBXFileReference; lastKnownFileType = file.storyboard; name = Base; path = Base.lproj/LaunchScreen.storyboard; sourceTree = "<group>"; };
		E5D4CB6628640EC3007C0B3E /* Info.plist */ = {isa = PBXFileReference; lastKnownFileType = text.plist.xml; path = Info.plist; sourceTree = "<group>"; };
		E5D4CB6E28641208007C0B3E /* String+XMTool.swift */ = {isa = PBXFileReference; lastKnownFileType = sourcecode.swift; path = "String+XMTool.swift"; sourceTree = "<group>"; };
		E5D4CB7128641557007C0B3E /* UIView+XMTool.swift */ = {isa = PBXFileReference; lastKnownFileType = sourcecode.swift; path = "UIView+XMTool.swift"; sourceTree = "<group>"; };
		E5D4CB7328643556007C0B3E /* UIView+XMFrame.swift */ = {isa = PBXFileReference; lastKnownFileType = sourcecode.swift; path = "UIView+XMFrame.swift"; sourceTree = "<group>"; };
		E5D4CB762864363D007C0B3E /* UIImage+XMTool.swift */ = {isa = PBXFileReference; lastKnownFileType = sourcecode.swift; path = "UIImage+XMTool.swift"; sourceTree = "<group>"; };
		E5D4CB7828643732007C0B3E /* UIView+XMAnimation.swift */ = {isa = PBXFileReference; lastKnownFileType = sourcecode.swift; path = "UIView+XMAnimation.swift"; sourceTree = "<group>"; };
		E5D4CB7A28643822007C0B3E /* UIView+XMBlast.swift */ = {isa = PBXFileReference; lastKnownFileType = sourcecode.swift; path = "UIView+XMBlast.swift"; sourceTree = "<group>"; };
		E5D4CB7C28643887007C0B3E /* XMSBlastImage.xcassets */ = {isa = PBXFileReference; lastKnownFileType = folder.assetcatalog; path = XMSBlastImage.xcassets; sourceTree = "<group>"; };
		E5D4CB80286438DD007C0B3E /* UITableView+XMTool.swift */ = {isa = PBXFileReference; lastKnownFileType = sourcecode.swift; path = "UITableView+XMTool.swift"; sourceTree = "<group>"; };
		E5D4CB82286439F6007C0B3E /* XMSizeMacro.swift */ = {isa = PBXFileReference; lastKnownFileType = sourcecode.swift; path = XMSizeMacro.swift; sourceTree = "<group>"; };
		E5D4CB8528643F0B007C0B3E /* UIColor+XMTool.swift */ = {isa = PBXFileReference; lastKnownFileType = sourcecode.swift; path = "UIColor+XMTool.swift"; sourceTree = "<group>"; };
		E5D4CB8828643FE7007C0B3E /* UIFont+XMTool.swift */ = {isa = PBXFileReference; lastKnownFileType = sourcecode.swift; path = "UIFont+XMTool.swift"; sourceTree = "<group>"; };
		E5D4CB8B286442E7007C0B3E /* XMPaddingLabel.swift */ = {isa = PBXFileReference; lastKnownFileType = sourcecode.swift; path = XMPaddingLabel.swift; sourceTree = "<group>"; };
		E5D4CB8E2864455A007C0B3E /* XMNavigationController.swift */ = {isa = PBXFileReference; lastKnownFileType = sourcecode.swift; path = XMNavigationController.swift; sourceTree = "<group>"; };
		E5D4CB912864460A007C0B3E /* UIScrollView+XMTool.swift */ = {isa = PBXFileReference; lastKnownFileType = sourcecode.swift; path = "UIScrollView+XMTool.swift"; sourceTree = "<group>"; };
		E5D4CB93286446B5007C0B3E /* XMToolMacro.swift */ = {isa = PBXFileReference; lastKnownFileType = sourcecode.swift; path = XMToolMacro.swift; sourceTree = "<group>"; };
		E5D4CB96286447E7007C0B3E /* CLLocation+XMTool.swift */ = {isa = PBXFileReference; lastKnownFileType = sourcecode.swift; path = "CLLocation+XMTool.swift"; sourceTree = "<group>"; };
		E5D4CB9C28644C8E007C0B3E /* DemoLabelVC.swift */ = {isa = PBXFileReference; lastKnownFileType = sourcecode.swift; path = DemoLabelVC.swift; sourceTree = "<group>"; };
		E5D4CBA128645186007C0B3E /* DemoBlastVC.swift */ = {isa = PBXFileReference; lastKnownFileType = sourcecode.swift; path = DemoBlastVC.swift; sourceTree = "<group>"; };
/* End PBXFileReference section */

/* Begin PBXFrameworksBuildPhase section */
		E5D4CB5228640EC1007C0B3E /* Frameworks */ = {
			isa = PBXFrameworksBuildPhase;
			buildActionMask = 2147483647;
			files = (
			);
			runOnlyForDeploymentPostprocessing = 0;
		};
/* End PBXFrameworksBuildPhase section */

/* Begin PBXGroup section */
		E52A0429286ADCC100AFB040 /* Toast */ = {
			isa = PBXGroup;
			children = (
				E52A042A286ADCD800AFB040 /* XMToast.swift */,
			);
			path = Toast;
			sourceTree = "<group>";
		};
		E52A042C286AE67700AFB040 /* XMToastVC */ = {
			isa = PBXGroup;
			children = (
				E52A042D286AE69300AFB040 /* DemoToastVC.swift */,
			);
			path = XMToastVC;
			sourceTree = "<group>";
		};
		E5D4CB4C28640EC1007C0B3E = {
			isa = PBXGroup;
			children = (
				E5D4CB5728640EC1007C0B3E /* XMUI_Swift */,
				E5D4CB5628640EC1007C0B3E /* Products */,
			);
			sourceTree = "<group>";
		};
		E5D4CB5628640EC1007C0B3E /* Products */ = {
			isa = PBXGroup;
			children = (
				E5D4CB5528640EC1007C0B3E /* XMUI_Swift.app */,
			);
			name = Products;
			sourceTree = "<group>";
		};
		E5D4CB5728640EC1007C0B3E /* XMUI_Swift */ = {
			isa = PBXGroup;
			children = (
				E5D4CB5828640EC1007C0B3E /* AppDelegate.swift */,
				E5D4CB5C28640EC1007C0B3E /* ViewController.swift */,
				E5D4CB9828644C54007C0B3E /* DemoVC */,
				E5D4CB6C28641178007C0B3E /* XMUITool */,
				E5D4CB6128640EC3007C0B3E /* Assets.xcassets */,
				E5D4CB6328640EC3007C0B3E /* LaunchScreen.storyboard */,
				E5D4CB6628640EC3007C0B3E /* Info.plist */,
			);
			path = XMUI_Swift;
			sourceTree = "<group>";
		};
		E5D4CB6C28641178007C0B3E /* XMUITool */ = {
			isa = PBXGroup;
			children = (
				E5D4CB82286439F6007C0B3E /* XMSizeMacro.swift */,
				E5D4CB93286446B5007C0B3E /* XMToolMacro.swift */,
				E52A0429286ADCC100AFB040 /* Toast */,
				E5D4CB95286447D8007C0B3E /* CLLocation */,
				E5D4CB90286445F3007C0B3E /* UIScrollView */,
				E5D4CB8D2864451D007C0B3E /* UINavigationController */,
				E5D4CB8A286442B7007C0B3E /* UILabel */,
				E5D4CB8728643FD6007C0B3E /* UIFont */,
				E5D4CB8428643EF9007C0B3E /* UIColor */,
				E5D4CB7F286438CB007C0B3E /* UITableView */,
				E5D4CB752864360C007C0B3E /* UIImage */,
				E5D4CB7028641543007C0B3E /* UIView */,
				E5D4CB6D28641193007C0B3E /* String */,
			);
			path = XMUITool;
			sourceTree = "<group>";
		};
		E5D4CB6D28641193007C0B3E /* String */ = {
			isa = PBXGroup;
			children = (
				E5D4CB6E28641208007C0B3E /* String+XMTool.swift */,
			);
			path = String;
			sourceTree = "<group>";
		};
		E5D4CB7028641543007C0B3E /* UIView */ = {
			isa = PBXGroup;
			children = (
				E5D4CB7128641557007C0B3E /* UIView+XMTool.swift */,
				E5D4CB7828643732007C0B3E /* UIView+XMAnimation.swift */,
				E5D4CB7328643556007C0B3E /* UIView+XMFrame.swift */,
				E5D4CB7E28643893007C0B3E /* XMBlast */,
			);
			path = UIView;
			sourceTree = "<group>";
		};
		E5D4CB752864360C007C0B3E /* UIImage */ = {
			isa = PBXGroup;
			children = (
				E5D4CB762864363D007C0B3E /* UIImage+XMTool.swift */,
			);
			path = UIImage;
			sourceTree = "<group>";
		};
		E5D4CB7E28643893007C0B3E /* XMBlast */ = {
			isa = PBXGroup;
			children = (
				E5D4CB7A28643822007C0B3E /* UIView+XMBlast.swift */,
				E5D4CB7C28643887007C0B3E /* XMSBlastImage.xcassets */,
			);
			path = XMBlast;
			sourceTree = "<group>";
		};
		E5D4CB7F286438CB007C0B3E /* UITableView */ = {
			isa = PBXGroup;
			children = (
				E5D4CB80286438DD007C0B3E /* UITableView+XMTool.swift */,
			);
			path = UITableView;
			sourceTree = "<group>";
		};
		E5D4CB8428643EF9007C0B3E /* UIColor */ = {
			isa = PBXGroup;
			children = (
				E5D4CB8528643F0B007C0B3E /* UIColor+XMTool.swift */,
			);
			path = UIColor;
			sourceTree = "<group>";
		};
		E5D4CB8728643FD6007C0B3E /* UIFont */ = {
			isa = PBXGroup;
			children = (
				E5D4CB8828643FE7007C0B3E /* UIFont+XMTool.swift */,
			);
			path = UIFont;
			sourceTree = "<group>";
		};
		E5D4CB8A286442B7007C0B3E /* UILabel */ = {
			isa = PBXGroup;
			children = (
				E5D4CB8B286442E7007C0B3E /* XMPaddingLabel.swift */,
			);
			path = UILabel;
			sourceTree = "<group>";
		};
		E5D4CB8D2864451D007C0B3E /* UINavigationController */ = {
			isa = PBXGroup;
			children = (
				E5D4CB8E2864455A007C0B3E /* XMNavigationController.swift */,
			);
			path = UINavigationController;
			sourceTree = "<group>";
		};
		E5D4CB90286445F3007C0B3E /* UIScrollView */ = {
			isa = PBXGroup;
			children = (
				E5D4CB912864460A007C0B3E /* UIScrollView+XMTool.swift */,
			);
			path = UIScrollView;
			sourceTree = "<group>";
		};
		E5D4CB95286447D8007C0B3E /* CLLocation */ = {
			isa = PBXGroup;
			children = (
				E5D4CB96286447E7007C0B3E /* CLLocation+XMTool.swift */,
			);
			path = CLLocation;
			sourceTree = "<group>";
		};
		E5D4CB9828644C54007C0B3E /* DemoVC */ = {
			isa = PBXGroup;
			children = (
				E52A042C286AE67700AFB040 /* XMToastVC */,
				E5D4CB9E2864514E007C0B3E /* UIView */,
				E5D4CB9928644C61007C0B3E /* UILabel */,
			);
			path = DemoVC;
			sourceTree = "<group>";
		};
		E5D4CB9928644C61007C0B3E /* UILabel */ = {
			isa = PBXGroup;
			children = (
				E5D4CB9C28644C8E007C0B3E /* DemoLabelVC.swift */,
			);
			path = UILabel;
			sourceTree = "<group>";
		};
		E5D4CB9E2864514E007C0B3E /* UIView */ = {
			isa = PBXGroup;
			children = (
				E5D4CBA128645186007C0B3E /* DemoBlastVC.swift */,
				E52A042728685FFF00AFB040 /* DemoAnimationVC.swift */,
			);
			path = UIView;
			sourceTree = "<group>";
		};
/* End PBXGroup section */

/* Begin PBXNativeTarget section */
		E5D4CB5428640EC1007C0B3E /* XMUI_Swift */ = {
			isa = PBXNativeTarget;
			buildConfigurationList = E5D4CB6928640EC3007C0B3E /* Build configuration list for PBXNativeTarget "XMUI_Swift" */;
			buildPhases = (
				E5D4CB5128640EC1007C0B3E /* Sources */,
				E5D4CB5228640EC1007C0B3E /* Frameworks */,
				E5D4CB5328640EC1007C0B3E /* Resources */,
			);
			buildRules = (
			);
			dependencies = (
			);
			name = XMUI_Swift;
			productName = XMUI_Swift;
			productReference = E5D4CB5528640EC1007C0B3E /* XMUI_Swift.app */;
			productType = "com.apple.product-type.application";
		};
/* End PBXNativeTarget section */

/* Begin PBXProject section */
		E5D4CB4D28640EC1007C0B3E /* Project object */ = {
			isa = PBXProject;
			attributes = {
				BuildIndependentTargetsInParallel = 1;
				LastSwiftUpdateCheck = 1330;
				LastUpgradeCheck = 1330;
				TargetAttributes = {
					E5D4CB5428640EC1007C0B3E = {
						CreatedOnToolsVersion = 13.3.1;
					};
				};
			};
			buildConfigurationList = E5D4CB5028640EC1007C0B3E /* Build configuration list for PBXProject "XMUI_Swift" */;
			compatibilityVersion = "Xcode 13.0";
			developmentRegion = en;
			hasScannedForEncodings = 0;
			knownRegions = (
				en,
				Base,
			);
			mainGroup = E5D4CB4C28640EC1007C0B3E;
			productRefGroup = E5D4CB5628640EC1007C0B3E /* Products */;
			projectDirPath = "";
			projectRoot = "";
			targets = (
				E5D4CB5428640EC1007C0B3E /* XMUI_Swift */,
			);
		};
/* End PBXProject section */

/* Begin PBXResourcesBuildPhase section */
		E5D4CB5328640EC1007C0B3E /* Resources */ = {
			isa = PBXResourcesBuildPhase;
			buildActionMask = 2147483647;
			files = (
				E5D4CB7D28643887007C0B3E /* XMSBlastImage.xcassets in Resources */,
				E5D4CB6528640EC3007C0B3E /* LaunchScreen.storyboard in Resources */,
				E5D4CB6228640EC3007C0B3E /* Assets.xcassets in Resources */,
			);
			runOnlyForDeploymentPostprocessing = 0;
		};
/* End PBXResourcesBuildPhase section */

/* Begin PBXSourcesBuildPhase section */
		E5D4CB5128640EC1007C0B3E /* Sources */ = {
			isa = PBXSourcesBuildPhase;
			buildActionMask = 2147483647;
			files = (
				E5D4CB772864363D007C0B3E /* UIImage+XMTool.swift in Sources */,
				E5D4CB94286446B5007C0B3E /* XMToolMacro.swift in Sources */,
				E52A042828685FFF00AFB040 /* DemoAnimationVC.swift in Sources */,
				E5D4CB9D28644C8E007C0B3E /* DemoLabelVC.swift in Sources */,
				E5D4CB7928643732007C0B3E /* UIView+XMAnimation.swift in Sources */,
				E5D4CB97286447E7007C0B3E /* CLLocation+XMTool.swift in Sources */,
				E52A042B286ADCD800AFB040 /* XMToast.swift in Sources */,
				E5D4CB5D28640EC1007C0B3E /* ViewController.swift in Sources */,
				E5D4CB7228641557007C0B3E /* UIView+XMTool.swift in Sources */,
				E5D4CB6F28641208007C0B3E /* String+XMTool.swift in Sources */,
				E5D4CB7428643556007C0B3E /* UIView+XMFrame.swift in Sources */,
				E5D4CB8628643F0C007C0B3E /* UIColor+XMTool.swift in Sources */,
				E5D4CB83286439F6007C0B3E /* XMSizeMacro.swift in Sources */,
				E5D4CB922864460A007C0B3E /* UIScrollView+XMTool.swift in Sources */,
				E5D4CB81286438DD007C0B3E /* UITableView+XMTool.swift in Sources */,
				E5D4CB8928643FE7007C0B3E /* UIFont+XMTool.swift in Sources */,
				E5D4CB8F2864455A007C0B3E /* XMNavigationController.swift in Sources */,
				E52A042E286AE69300AFB040 /* DemoToastVC.swift in Sources */,
				E5D4CB7B28643822007C0B3E /* UIView+XMBlast.swift in Sources */,
				E5D4CBA228645186007C0B3E /* DemoBlastVC.swift in Sources */,
				E5D4CB8C286442E7007C0B3E /* XMPaddingLabel.swift in Sources */,
				E5D4CB5928640EC1007C0B3E /* AppDelegate.swift in Sources */,
			);
			runOnlyForDeploymentPostprocessing = 0;
		};
/* End PBXSourcesBuildPhase section */

/* Begin PBXVariantGroup section */
		E5D4CB6328640EC3007C0B3E /* LaunchScreen.storyboard */ = {
			isa = PBXVariantGroup;
			children = (
				E5D4CB6428640EC3007C0B3E /* Base */,
			);
			name = LaunchScreen.storyboard;
			sourceTree = "<group>";
		};
/* End PBXVariantGroup section */

/* Begin XCBuildConfiguration section */
		E5D4CB6728640EC3007C0B3E /* Debug */ = {
			isa = XCBuildConfiguration;
			buildSettings = {
				ALWAYS_SEARCH_USER_PATHS = NO;
				CLANG_ANALYZER_NONNULL = YES;
				CLANG_ANALYZER_NUMBER_OBJECT_CONVERSION = YES_AGGRESSIVE;
				CLANG_CXX_LANGUAGE_STANDARD = "gnu++17";
				CLANG_ENABLE_MODULES = YES;
				CLANG_ENABLE_OBJC_ARC = YES;
				CLANG_ENABLE_OBJC_WEAK = YES;
				CLANG_WARN_BLOCK_CAPTURE_AUTORELEASING = YES;
				CLANG_WARN_BOOL_CONVERSION = YES;
				CLANG_WARN_COMMA = YES;
				CLANG_WARN_CONSTANT_CONVERSION = YES;
				CLANG_WARN_DEPRECATED_OBJC_IMPLEMENTATIONS = YES;
				CLANG_WARN_DIRECT_OBJC_ISA_USAGE = YES_ERROR;
				CLANG_WARN_DOCUMENTATION_COMMENTS = YES;
				CLANG_WARN_EMPTY_BODY = YES;
				CLANG_WARN_ENUM_CONVERSION = YES;
				CLANG_WARN_INFINITE_RECURSION = YES;
				CLANG_WARN_INT_CONVERSION = YES;
				CLANG_WARN_NON_LITERAL_NULL_CONVERSION = YES;
				CLANG_WARN_OBJC_IMPLICIT_RETAIN_SELF = YES;
				CLANG_WARN_OBJC_LITERAL_CONVERSION = YES;
				CLANG_WARN_OBJC_ROOT_CLASS = YES_ERROR;
				CLANG_WARN_QUOTED_INCLUDE_IN_FRAMEWORK_HEADER = YES;
				CLANG_WARN_RANGE_LOOP_ANALYSIS = YES;
				CLANG_WARN_STRICT_PROTOTYPES = YES;
				CLANG_WARN_SUSPICIOUS_MOVE = YES;
				CLANG_WARN_UNGUARDED_AVAILABILITY = YES_AGGRESSIVE;
				CLANG_WARN_UNREACHABLE_CODE = YES;
				CLANG_WARN__DUPLICATE_METHOD_MATCH = YES;
				COPY_PHASE_STRIP = NO;
				DEBUG_INFORMATION_FORMAT = dwarf;
				ENABLE_STRICT_OBJC_MSGSEND = YES;
				ENABLE_TESTABILITY = YES;
				GCC_C_LANGUAGE_STANDARD = gnu11;
				GCC_DYNAMIC_NO_PIC = NO;
				GCC_NO_COMMON_BLOCKS = YES;
				GCC_OPTIMIZATION_LEVEL = 0;
				GCC_PREPROCESSOR_DEFINITIONS = (
					"DEBUG=1",
					"$(inherited)",
				);
				GCC_WARN_64_TO_32_BIT_CONVERSION = YES;
				GCC_WARN_ABOUT_RETURN_TYPE = YES_ERROR;
				GCC_WARN_UNDECLARED_SELECTOR = YES;
				GCC_WARN_UNINITIALIZED_AUTOS = YES_AGGRESSIVE;
				GCC_WARN_UNUSED_FUNCTION = YES;
				GCC_WARN_UNUSED_VARIABLE = YES;
				IPHONEOS_DEPLOYMENT_TARGET = 10.0;
				MTL_ENABLE_DEBUG_INFO = INCLUDE_SOURCE;
				MTL_FAST_MATH = YES;
				ONLY_ACTIVE_ARCH = YES;
				SDKROOT = iphoneos;
				SWIFT_ACTIVE_COMPILATION_CONDITIONS = DEBUG;
				SWIFT_OPTIMIZATION_LEVEL = "-Onone";
			};
			name = Debug;
		};
		E5D4CB6828640EC3007C0B3E /* Release */ = {
			isa = XCBuildConfiguration;
			buildSettings = {
				ALWAYS_SEARCH_USER_PATHS = NO;
				CLANG_ANALYZER_NONNULL = YES;
				CLANG_ANALYZER_NUMBER_OBJECT_CONVERSION = YES_AGGRESSIVE;
				CLANG_CXX_LANGUAGE_STANDARD = "gnu++17";
				CLANG_ENABLE_MODULES = YES;
				CLANG_ENABLE_OBJC_ARC = YES;
				CLANG_ENABLE_OBJC_WEAK = YES;
				CLANG_WARN_BLOCK_CAPTURE_AUTORELEASING = YES;
				CLANG_WARN_BOOL_CONVERSION = YES;
				CLANG_WARN_COMMA = YES;
				CLANG_WARN_CONSTANT_CONVERSION = YES;
				CLANG_WARN_DEPRECATED_OBJC_IMPLEMENTATIONS = YES;
				CLANG_WARN_DIRECT_OBJC_ISA_USAGE = YES_ERROR;
				CLANG_WARN_DOCUMENTATION_COMMENTS = YES;
				CLANG_WARN_EMPTY_BODY = YES;
				CLANG_WARN_ENUM_CONVERSION = YES;
				CLANG_WARN_INFINITE_RECURSION = YES;
				CLANG_WARN_INT_CONVERSION = YES;
				CLANG_WARN_NON_LITERAL_NULL_CONVERSION = YES;
				CLANG_WARN_OBJC_IMPLICIT_RETAIN_SELF = YES;
				CLANG_WARN_OBJC_LITERAL_CONVERSION = YES;
				CLANG_WARN_OBJC_ROOT_CLASS = YES_ERROR;
				CLANG_WARN_QUOTED_INCLUDE_IN_FRAMEWORK_HEADER = YES;
				CLANG_WARN_RANGE_LOOP_ANALYSIS = YES;
				CLANG_WARN_STRICT_PROTOTYPES = YES;
				CLANG_WARN_SUSPICIOUS_MOVE = YES;
				CLANG_WARN_UNGUARDED_AVAILABILITY = YES_AGGRESSIVE;
				CLANG_WARN_UNREACHABLE_CODE = YES;
				CLANG_WARN__DUPLICATE_METHOD_MATCH = YES;
				COPY_PHASE_STRIP = NO;
				DEBUG_INFORMATION_FORMAT = "dwarf-with-dsym";
				ENABLE_NS_ASSERTIONS = NO;
				ENABLE_STRICT_OBJC_MSGSEND = YES;
				GCC_C_LANGUAGE_STANDARD = gnu11;
				GCC_NO_COMMON_BLOCKS = YES;
				GCC_WARN_64_TO_32_BIT_CONVERSION = YES;
				GCC_WARN_ABOUT_RETURN_TYPE = YES_ERROR;
				GCC_WARN_UNDECLARED_SELECTOR = YES;
				GCC_WARN_UNINITIALIZED_AUTOS = YES_AGGRESSIVE;
				GCC_WARN_UNUSED_FUNCTION = YES;
				GCC_WARN_UNUSED_VARIABLE = YES;
				IPHONEOS_DEPLOYMENT_TARGET = 10.0;
				MTL_ENABLE_DEBUG_INFO = NO;
				MTL_FAST_MATH = YES;
				SDKROOT = iphoneos;
				SWIFT_COMPILATION_MODE = wholemodule;
				SWIFT_OPTIMIZATION_LEVEL = "-O";
				VALIDATE_PRODUCT = YES;
			};
			name = Release;
		};
		E5D4CB6A28640EC3007C0B3E /* Debug */ = {
			isa = XCBuildConfiguration;
			buildSettings = {
				ASSETCATALOG_COMPILER_APPICON_NAME = AppIcon;
				ASSETCATALOG_COMPILER_GLOBAL_ACCENT_COLOR_NAME = AccentColor;
				CODE_SIGN_STYLE = Automatic;
				CURRENT_PROJECT_VERSION = 1;
				DEVELOPMENT_TEAM = S547MGLNZ8;
				GENERATE_INFOPLIST_FILE = YES;
				INFOPLIST_FILE = XMUI_Swift/Info.plist;
				INFOPLIST_KEY_UIApplicationSupportsIndirectInputEvents = YES;
				INFOPLIST_KEY_UILaunchStoryboardName = LaunchScreen;
				INFOPLIST_KEY_UISupportedInterfaceOrientations_iPad = "UIInterfaceOrientationPortrait UIInterfaceOrientationPortraitUpsideDown UIInterfaceOrientationLandscapeLeft UIInterfaceOrientationLandscapeRight";
				INFOPLIST_KEY_UISupportedInterfaceOrientations_iPhone = "UIInterfaceOrientationPortrait UIInterfaceOrientationLandscapeLeft UIInterfaceOrientationLandscapeRight";
				IPHONEOS_DEPLOYMENT_TARGET = 10.0;
				LD_RUNPATH_SEARCH_PATHS = (
					"$(inherited)",
					"@executable_path/Frameworks",
				);
				MARKETING_VERSION = 1.0.0;
				PRODUCT_BUNDLE_IDENTIFIER = "com.xiaoming.XMUI-Swift";
				PRODUCT_NAME = "$(TARGET_NAME)";
				SWIFT_EMIT_LOC_STRINGS = YES;
				SWIFT_VERSION = 5.0;
				TARGETED_DEVICE_FAMILY = 1;
			};
			name = Debug;
		};
		E5D4CB6B28640EC3007C0B3E /* Release */ = {
			isa = XCBuildConfiguration;
			buildSettings = {
				ASSETCATALOG_COMPILER_APPICON_NAME = AppIcon;
				ASSETCATALOG_COMPILER_GLOBAL_ACCENT_COLOR_NAME = AccentColor;
				CODE_SIGN_STYLE = Automatic;
				CURRENT_PROJECT_VERSION = 1;
				DEVELOPMENT_TEAM = S547MGLNZ8;
				GENERATE_INFOPLIST_FILE = YES;
				INFOPLIST_FILE = XMUI_Swift/Info.plist;
				INFOPLIST_KEY_UIApplicationSupportsIndirectInputEvents = YES;
				INFOPLIST_KEY_UILaunchStoryboardName = LaunchScreen;
				INFOPLIST_KEY_UISupportedInterfaceOrientations_iPad = "UIInterfaceOrientationPortrait UIInterfaceOrientationPortraitUpsideDown UIInterfaceOrientationLandscapeLeft UIInterfaceOrientationLandscapeRight";
				INFOPLIST_KEY_UISupportedInterfaceOrientations_iPhone = "UIInterfaceOrientationPortrait UIInterfaceOrientationLandscapeLeft UIInterfaceOrientationLandscapeRight";
				IPHONEOS_DEPLOYMENT_TARGET = 10.0;
				LD_RUNPATH_SEARCH_PATHS = (
					"$(inherited)",
					"@executable_path/Frameworks",
				);
				MARKETING_VERSION = 1.0.0;
				PRODUCT_BUNDLE_IDENTIFIER = "com.xiaoming.XMUI-Swift";
				PRODUCT_NAME = "$(TARGET_NAME)";
				SWIFT_EMIT_LOC_STRINGS = YES;
				SWIFT_VERSION = 5.0;
				TARGETED_DEVICE_FAMILY = 1;
			};
			name = Release;
		};
/* End XCBuildConfiguration section */

/* Begin XCConfigurationList section */
		E5D4CB5028640EC1007C0B3E /* Build configuration list for PBXProject "XMUI_Swift" */ = {
			isa = XCConfigurationList;
			buildConfigurations = (
				E5D4CB6728640EC3007C0B3E /* Debug */,
				E5D4CB6828640EC3007C0B3E /* Release */,
			);
			defaultConfigurationIsVisible = 0;
			defaultConfigurationName = Release;
		};
		E5D4CB6928640EC3007C0B3E /* Build configuration list for PBXNativeTarget "XMUI_Swift" */ = {
			isa = XCConfigurationList;
			buildConfigurations = (
				E5D4CB6A28640EC3007C0B3E /* Debug */,
				E5D4CB6B28640EC3007C0B3E /* Release */,
			);
			defaultConfigurationIsVisible = 0;
			defaultConfigurationName = Release;
		};
/* End XCConfigurationList section */
	};
	rootObject = E5D4CB4D28640EC1007C0B3E /* Project object */;
}
